
Microsoft Visual Studio Solution File, Format Version 12.00
# Visual Studio Version 16
VisualStudioVersion = 16.0.30225.117
MinimumVisualStudioVersion = 10.0.40219.1
Project("{FAE04EC0-301F-11D3-BF4B-00C04F79EFBC}") = "zzz_Simple_MVVM_Project", "zzz_Simple_MVVM_Project\zzz_Simple_MVVM_Project.csproj", "{606F04B8-5B5B-45CF-A5FA-689D361BA2A9}"
EndProject
Global
	GlobalSection(SolutionConfigurationPlatforms) = preSolution
		Debug|Any CPU = Debug|Any CPU
		Release|Any CPU = Release|Any CPU
	EndGlobalSection
	GlobalSection(ProjectConfigurationPlatforms) = postSolution
		{606F04B8-5B5B-45CF-A5FA-689D361BA2A9}.Debug|Any CPU.ActiveCfg = Debug|Any CPU
		{606F04B8-5B5B-45CF-A5FA-689D361BA2A9}.Debug|Any CPU.Build.0 = Debug|Any CPU
		{606F04B8-5B5B-45CF-A5FA-689D361BA2A9}.Release|Any CPU.ActiveCfg = Release|Any CPU
		{606F04B8-5B5B-45CF-A5FA-689D361BA2A9}.Release|Any CPU.Build.0 = Release|Any CPU
	EndGlobalSection
	GlobalSection(SolutionProperties) = preSolution
		HideSolutionNode = FALSE
	EndGlobalSection
	GlobalSection(ExtensibilityGlobals) = postSolution
		SolutionGuid = {751BEEFF-5E09-4E50-BE86-460797397EBE}
	EndGlobalSection
EndGlobal
